
Microsoft Visual Studio Solution File, Format Version 12.00
# Visual Studio Version 16
VisualStudioVersion = 16.0.31205.134
MinimumVisualStudioVersion = 10.0.40219.1
Project("{FAE04EC0-301F-11D3-BF4B-00C04F79EFBC}") = "Task1", "Lession2\Task1\Task1.csproj", "{07FC718B-59F1-40F9-9EAE-D7AD4C4D9563}"
EndProject
Project("{2150E333-8FDC-42A3-9474-1A3956D46DE8}") = "Lession2", "Lession2", "{ADA952BD-7F47-4B4B-A0DC-32DBA3EBF1EB}"
EndProject
Project("{2150E333-8FDC-42A3-9474-1A3956D46DE8}") = "Task1", "Task1", "{F9BDC0C0-D460-461D-BAF2-46AE919D2185}"
EndProject
Project("{2150E333-8FDC-42A3-9474-1A3956D46DE8}") = "Task2", "Task2", "{C29EB434-19CF-4D0E-A1EA-54904A436497}"
EndProject
Project("{2150E333-8FDC-42A3-9474-1A3956D46DE8}") = "Task3", "Task3", "{35C79402-AF43-497A-9BBE-5C96D1A8E8B2}"
EndProject
Project("{2150E333-8FDC-42A3-9474-1A3956D46DE8}") = "Task4", "Task4", "{697C06A4-3144-4738-96B0-42578A49388D}"
EndProject
Project("{2150E333-8FDC-42A3-9474-1A3956D46DE8}") = "Task5", "Task5", "{359DE9E5-E2BE-42D7-B160-9BA9AFE7D758}"
EndProject
Project("{2150E333-8FDC-42A3-9474-1A3956D46DE8}") = "Task6", "Task6", "{DA08F903-ABA7-404F-AE94-1E9EF038D4B2}"
EndProject
Project("{FAE04EC0-301F-11D3-BF4B-00C04F79EFBC}") = "Task2", "Lession2\Task2\Task2\Task2.csproj", "{AD384E91-C1A2-4C2A-9C4D-355C91DEC654}"
EndProject
Project("{FAE04EC0-301F-11D3-BF4B-00C04F79EFBC}") = "Task3", "Lession2\Task3\Task3\Task3.csproj", "{7816A631-71E3-4A91-B29E-ED5F268167B2}"
EndProject
Project("{2150E333-8FDC-42A3-9474-1A3956D46DE8}") = "Task7", "Task7", "{6E402C86-E7DE-4F27-B35E-2623C8E75359}"
EndProject
Project("{FAE04EC0-301F-11D3-BF4B-00C04F79EFBC}") = "Task4", "Lession2\Task4\Task4\Task4.csproj", "{3B532031-A78D-4E26-BEF6-FF89A686E875}"
EndProject
Project("{FAE04EC0-301F-11D3-BF4B-00C04F79EFBC}") = "Task5", "Lession2\Task5\Task5\Task5.csproj", "{C9D97D6B-1B5C-4859-BB32-3B02B2AF9843}"
EndProject
Project("{FAE04EC0-301F-11D3-BF4B-00C04F79EFBC}") = "Task6", "Lession2\Task6\Task6\Task6.csproj", "{B5E7C5CF-988A-4CED-9581-291C4E74B5B6}"
EndProject
Project("{FAE04EC0-301F-11D3-BF4B-00C04F79EFBC}") = "Task7", "Lession2\Task7\Task7\Task7.csproj", "{4BCB8C23-43B5-4318-BBC1-B501A1C3CF71}"
EndProject
Project("{2150E333-8FDC-42A3-9474-1A3956D46DE8}") = "ClassLibrary2", "ClassLibrary2", "{C56A84A6-4992-4423-82A1-253E4CB6EEF0}"
EndProject
Project("{FAE04EC0-301F-11D3-BF4B-00C04F79EFBC}") = "ClassLibrary2", "Lession2\ClassLibrary2\ClassLibrary2\ClassLibrary2.csproj", "{CDD96FEB-A31A-40BC-A6BA-96CC16D37204}"
EndProject
Global
	GlobalSection(SolutionConfigurationPlatforms) = preSolution
		Debug|Any CPU = Debug|Any CPU
		Release|Any CPU = Release|Any CPU
	EndGlobalSection
	GlobalSection(ProjectConfigurationPlatforms) = postSolution
		{07FC718B-59F1-40F9-9EAE-D7AD4C4D9563}.Debug|Any CPU.ActiveCfg = Debug|Any CPU
		{07FC718B-59F1-40F9-9EAE-D7AD4C4D9563}.Debug|Any CPU.Build.0 = Debug|Any CPU
		{07FC718B-59F1-40F9-9EAE-D7AD4C4D9563}.Release|Any CPU.ActiveCfg = Release|Any CPU
		{07FC718B-59F1-40F9-9EAE-D7AD4C4D9563}.Release|Any CPU.Build.0 = Release|Any CPU
		{AD384E91-C1A2-4C2A-9C4D-355C91DEC654}.Debug|Any CPU.ActiveCfg = Debug|Any CPU
		{AD384E91-C1A2-4C2A-9C4D-355C91DEC654}.Debug|Any CPU.Build.0 = Debug|Any CPU
		{AD384E91-C1A2-4C2A-9C4D-355C91DEC654}.Release|Any CPU.ActiveCfg = Release|Any CPU
		{AD384E91-C1A2-4C2A-9C4D-355C91DEC654}.Release|Any CPU.Build.0 = Release|Any CPU
		{7816A631-71E3-4A91-B29E-ED5F268167B2}.Debug|Any CPU.ActiveCfg = Debug|Any CPU
		{7816A631-71E3-4A91-B29E-ED5F268167B2}.Debug|Any CPU.Build.0 = Debug|Any CPU
		{7816A631-71E3-4A91-B29E-ED5F268167B2}.Release|Any CPU.ActiveCfg = Release|Any CPU
		{7816A631-71E3-4A91-B29E-ED5F268167B2}.Release|Any CPU.Build.0 = Release|Any CPU
		{3B532031-A78D-4E26-BEF6-FF89A686E875}.Debug|Any CPU.ActiveCfg = Debug|Any CPU
		{3B532031-A78D-4E26-BEF6-FF89A686E875}.Debug|Any CPU.Build.0 = Debug|Any CPU
		{3B532031-A78D-4E26-BEF6-FF89A686E875}.Release|Any CPU.ActiveCfg = Release|Any CPU
		{3B532031-A78D-4E26-BEF6-FF89A686E875}.Release|Any CPU.Build.0 = Release|Any CPU
		{C9D97D6B-1B5C-4859-BB32-3B02B2AF9843}.Debug|Any CPU.ActiveCfg = Debug|Any CPU
		{C9D97D6B-1B5C-4859-BB32-3B02B2AF9843}.Debug|Any CPU.Build.0 = Debug|Any CPU
		{C9D97D6B-1B5C-4859-BB32-3B02B2AF9843}.Release|Any CPU.ActiveCfg = Release|Any CPU
		{C9D97D6B-1B5C-4859-BB32-3B02B2AF9843}.Release|Any CPU.Build.0 = Release|Any CPU
		{B5E7C5CF-988A-4CED-9581-291C4E74B5B6}.Debug|Any CPU.ActiveCfg = Debug|Any CPU
		{B5E7C5CF-988A-4CED-9581-291C4E74B5B6}.Debug|Any CPU.Build.0 = Debug|Any CPU
		{B5E7C5CF-988A-4CED-9581-291C4E74B5B6}.Release|Any CPU.ActiveCfg = Release|Any CPU
		{B5E7C5CF-988A-4CED-9581-291C4E74B5B6}.Release|Any CPU.Build.0 = Release|Any CPU
		{4BCB8C23-43B5-4318-BBC1-B501A1C3CF71}.Debug|Any CPU.ActiveCfg = Debug|Any CPU
		{4BCB8C23-43B5-4318-BBC1-B501A1C3CF71}.Debug|Any CPU.Build.0 = Debug|Any CPU
		{4BCB8C23-43B5-4318-BBC1-B501A1C3CF71}.Release|Any CPU.ActiveCfg = Release|Any CPU
		{4BCB8C23-43B5-4318-BBC1-B501A1C3CF71}.Release|Any CPU.Build.0 = Release|Any CPU
		{CDD96FEB-A31A-40BC-A6BA-96CC16D37204}.Debug|Any CPU.ActiveCfg = Debug|Any CPU
		{CDD96FEB-A31A-40BC-A6BA-96CC16D37204}.Debug|Any CPU.Build.0 = Debug|Any CPU
		{CDD96FEB-A31A-40BC-A6BA-96CC16D37204}.Release|Any CPU.ActiveCfg = Release|Any CPU
		{CDD96FEB-A31A-40BC-A6BA-96CC16D37204}.Release|Any CPU.Build.0 = Release|Any CPU
	EndGlobalSection
	GlobalSection(SolutionProperties) = preSolution
		HideSolutionNode = FALSE
	EndGlobalSection
	GlobalSection(NestedProjects) = preSolution
		{07FC718B-59F1-40F9-9EAE-D7AD4C4D9563} = {F9BDC0C0-D460-461D-BAF2-46AE919D2185}
		{F9BDC0C0-D460-461D-BAF2-46AE919D2185} = {ADA952BD-7F47-4B4B-A0DC-32DBA3EBF1EB}
		{C29EB434-19CF-4D0E-A1EA-54904A436497} = {ADA952BD-7F47-4B4B-A0DC-32DBA3EBF1EB}
		{35C79402-AF43-497A-9BBE-5C96D1A8E8B2} = {ADA952BD-7F47-4B4B-A0DC-32DBA3EBF1EB}
		{697C06A4-3144-4738-96B0-42578A49388D} = {ADA952BD-7F47-4B4B-A0DC-32DBA3EBF1EB}
		{359DE9E5-E2BE-42D7-B160-9BA9AFE7D758} = {ADA952BD-7F47-4B4B-A0DC-32DBA3EBF1EB}
		{DA08F903-ABA7-404F-AE94-1E9EF038D4B2} = {ADA952BD-7F47-4B4B-A0DC-32DBA3EBF1EB}
		{AD384E91-C1A2-4C2A-9C4D-355C91DEC654} = {C29EB434-19CF-4D0E-A1EA-54904A436497}
		{7816A631-71E3-4A91-B29E-ED5F268167B2} = {35C79402-AF43-497A-9BBE-5C96D1A8E8B2}
		{6E402C86-E7DE-4F27-B35E-2623C8E75359} = {ADA952BD-7F47-4B4B-A0DC-32DBA3EBF1EB}
		{3B532031-A78D-4E26-BEF6-FF89A686E875} = {697C06A4-3144-4738-96B0-42578A49388D}
		{C9D97D6B-1B5C-4859-BB32-3B02B2AF9843} = {359DE9E5-E2BE-42D7-B160-9BA9AFE7D758}
		{B5E7C5CF-988A-4CED-9581-291C4E74B5B6} = {DA08F903-ABA7-404F-AE94-1E9EF038D4B2}
		{4BCB8C23-43B5-4318-BBC1-B501A1C3CF71} = {6E402C86-E7DE-4F27-B35E-2623C8E75359}
		{C56A84A6-4992-4423-82A1-253E4CB6EEF0} = {ADA952BD-7F47-4B4B-A0DC-32DBA3EBF1EB}
		{CDD96FEB-A31A-40BC-A6BA-96CC16D37204} = {C56A84A6-4992-4423-82A1-253E4CB6EEF0}
	EndGlobalSection
	GlobalSection(ExtensibilityGlobals) = postSolution
		SolutionGuid = {00D141A6-ADCA-4166-B5F5-44EEB5ECD732}
	EndGlobalSection
EndGlobal
