
Microsoft Visual Studio Solution File, Format Version 12.00
# Visual Studio Version 16
VisualStudioVersion = 16.0.31205.134
MinimumVisualStudioVersion = 10.0.40219.1
Project("{2150E333-8FDC-42A3-9474-1A3956D46DE8}") = "Lession1", "Lession1", "{D26F4E51-9F0D-4D30-9689-85F9385D856F}"
EndProject
Project("{FAE04EC0-301F-11D3-BF4B-00C04F79EFBC}") = "ClassLibrary1", "Lession1\ClassLibrary1\ClassLibrary1.csproj", "{A5DB1B1C-4701-4BB9-90FC-131DE4C35768}"
EndProject
Project("{FAE04EC0-301F-11D3-BF4B-00C04F79EFBC}") = "Task1", "Lession1\Task1\Task1.csproj", "{5A13BAF6-9499-44F1-B7BE-19C6644B03A1}"
EndProject
Project("{FAE04EC0-301F-11D3-BF4B-00C04F79EFBC}") = "Task2", "Lession1\Task2\Task2.csproj", "{EEFBBCA4-BF56-4590-B261-AC9C422FC507}"
EndProject
Project("{FAE04EC0-301F-11D3-BF4B-00C04F79EFBC}") = "Task3", "Lession1\Task3\Task3.csproj", "{0AE35966-81FD-47BB-AD90-2CF7F26BFEDE}"
EndProject
Project("{FAE04EC0-301F-11D3-BF4B-00C04F79EFBC}") = "Task4", "Lession1\Task4\Task4.csproj", "{0D6C5452-DE47-4AC8-9E98-DA86E82CE011}"
EndProject
Project("{FAE04EC0-301F-11D3-BF4B-00C04F79EFBC}") = "Task5", "Lession1\Task5\Task5.csproj", "{BD2BE45D-DA42-4397-BDBB-3BA080056863}"
EndProject
Project("{FAE04EC0-301F-11D3-BF4B-00C04F79EFBC}") = "Task6", "Lession1\Task6\Task6.csproj", "{E5DEAAA0-4816-4812-A627-75BA9E2E18CD}"
EndProject
Project("{2150E333-8FDC-42A3-9474-1A3956D46DE8}") = "ClassLibrary1", "ClassLibrary1", "{07E25F43-323F-4766-9677-A4A8854AECAB}"
EndProject
Project("{2150E333-8FDC-42A3-9474-1A3956D46DE8}") = "Task1", "Task1", "{9D073F5D-65CF-4928-BAFE-E8DF3EBEA847}"
EndProject
Project("{2150E333-8FDC-42A3-9474-1A3956D46DE8}") = "Task2", "Task2", "{EA25F534-C907-40E1-BCED-A83D5EC4DFC9}"
EndProject
Project("{2150E333-8FDC-42A3-9474-1A3956D46DE8}") = "Task3", "Task3", "{3F349366-399C-4D91-99EF-94B5CEBB3222}"
EndProject
Project("{2150E333-8FDC-42A3-9474-1A3956D46DE8}") = "Task4", "Task4", "{BDAC4791-31A3-4127-A9A3-33074587A6F5}"
EndProject
Project("{2150E333-8FDC-42A3-9474-1A3956D46DE8}") = "Task5", "Task5", "{EDBD36E8-179C-49FF-9108-4D06AEAD3221}"
EndProject
Project("{2150E333-8FDC-42A3-9474-1A3956D46DE8}") = "Task6", "Task6", "{19F4063A-251B-496A-87C6-8ADE2C7071C3}"
EndProject
Global
	GlobalSection(SolutionConfigurationPlatforms) = preSolution
		Debug|Any CPU = Debug|Any CPU
		Release|Any CPU = Release|Any CPU
	EndGlobalSection
	GlobalSection(ProjectConfigurationPlatforms) = postSolution
		{A5DB1B1C-4701-4BB9-90FC-131DE4C35768}.Debug|Any CPU.ActiveCfg = Debug|Any CPU
		{A5DB1B1C-4701-4BB9-90FC-131DE4C35768}.Debug|Any CPU.Build.0 = Debug|Any CPU
		{A5DB1B1C-4701-4BB9-90FC-131DE4C35768}.Release|Any CPU.ActiveCfg = Release|Any CPU
		{A5DB1B1C-4701-4BB9-90FC-131DE4C35768}.Release|Any CPU.Build.0 = Release|Any CPU
		{5A13BAF6-9499-44F1-B7BE-19C6644B03A1}.Debug|Any CPU.ActiveCfg = Debug|Any CPU
		{5A13BAF6-9499-44F1-B7BE-19C6644B03A1}.Debug|Any CPU.Build.0 = Debug|Any CPU
		{5A13BAF6-9499-44F1-B7BE-19C6644B03A1}.Release|Any CPU.ActiveCfg = Release|Any CPU
		{5A13BAF6-9499-44F1-B7BE-19C6644B03A1}.Release|Any CPU.Build.0 = Release|Any CPU
		{EEFBBCA4-BF56-4590-B261-AC9C422FC507}.Debug|Any CPU.ActiveCfg = Debug|Any CPU
		{EEFBBCA4-BF56-4590-B261-AC9C422FC507}.Debug|Any CPU.Build.0 = Debug|Any CPU
		{EEFBBCA4-BF56-4590-B261-AC9C422FC507}.Release|Any CPU.ActiveCfg = Release|Any CPU
		{EEFBBCA4-BF56-4590-B261-AC9C422FC507}.Release|Any CPU.Build.0 = Release|Any CPU
		{0AE35966-81FD-47BB-AD90-2CF7F26BFEDE}.Debug|Any CPU.ActiveCfg = Debug|Any CPU
		{0AE35966-81FD-47BB-AD90-2CF7F26BFEDE}.Debug|Any CPU.Build.0 = Debug|Any CPU
		{0AE35966-81FD-47BB-AD90-2CF7F26BFEDE}.Release|Any CPU.ActiveCfg = Release|Any CPU
		{0AE35966-81FD-47BB-AD90-2CF7F26BFEDE}.Release|Any CPU.Build.0 = Release|Any CPU
		{0D6C5452-DE47-4AC8-9E98-DA86E82CE011}.Debug|Any CPU.ActiveCfg = Debug|Any CPU
		{0D6C5452-DE47-4AC8-9E98-DA86E82CE011}.Debug|Any CPU.Build.0 = Debug|Any CPU
		{0D6C5452-DE47-4AC8-9E98-DA86E82CE011}.Release|Any CPU.ActiveCfg = Release|Any CPU
		{0D6C5452-DE47-4AC8-9E98-DA86E82CE011}.Release|Any CPU.Build.0 = Release|Any CPU
		{BD2BE45D-DA42-4397-BDBB-3BA080056863}.Debug|Any CPU.ActiveCfg = Debug|Any CPU
		{BD2BE45D-DA42-4397-BDBB-3BA080056863}.Debug|Any CPU.Build.0 = Debug|Any CPU
		{BD2BE45D-DA42-4397-BDBB-3BA080056863}.Release|Any CPU.ActiveCfg = Release|Any CPU
		{BD2BE45D-DA42-4397-BDBB-3BA080056863}.Release|Any CPU.Build.0 = Release|Any CPU
		{E5DEAAA0-4816-4812-A627-75BA9E2E18CD}.Debug|Any CPU.ActiveCfg = Debug|Any CPU
		{E5DEAAA0-4816-4812-A627-75BA9E2E18CD}.Debug|Any CPU.Build.0 = Debug|Any CPU
		{E5DEAAA0-4816-4812-A627-75BA9E2E18CD}.Release|Any CPU.ActiveCfg = Release|Any CPU
		{E5DEAAA0-4816-4812-A627-75BA9E2E18CD}.Release|Any CPU.Build.0 = Release|Any CPU
	EndGlobalSection
	GlobalSection(SolutionProperties) = preSolution
		HideSolutionNode = FALSE
	EndGlobalSection
	GlobalSection(NestedProjects) = preSolution
		{A5DB1B1C-4701-4BB9-90FC-131DE4C35768} = {07E25F43-323F-4766-9677-A4A8854AECAB}
		{5A13BAF6-9499-44F1-B7BE-19C6644B03A1} = {9D073F5D-65CF-4928-BAFE-E8DF3EBEA847}
		{EEFBBCA4-BF56-4590-B261-AC9C422FC507} = {EA25F534-C907-40E1-BCED-A83D5EC4DFC9}
		{0AE35966-81FD-47BB-AD90-2CF7F26BFEDE} = {3F349366-399C-4D91-99EF-94B5CEBB3222}
		{0D6C5452-DE47-4AC8-9E98-DA86E82CE011} = {BDAC4791-31A3-4127-A9A3-33074587A6F5}
		{BD2BE45D-DA42-4397-BDBB-3BA080056863} = {EDBD36E8-179C-49FF-9108-4D06AEAD3221}
		{E5DEAAA0-4816-4812-A627-75BA9E2E18CD} = {19F4063A-251B-496A-87C6-8ADE2C7071C3}
		{07E25F43-323F-4766-9677-A4A8854AECAB} = {D26F4E51-9F0D-4D30-9689-85F9385D856F}
		{9D073F5D-65CF-4928-BAFE-E8DF3EBEA847} = {D26F4E51-9F0D-4D30-9689-85F9385D856F}
		{EA25F534-C907-40E1-BCED-A83D5EC4DFC9} = {D26F4E51-9F0D-4D30-9689-85F9385D856F}
		{3F349366-399C-4D91-99EF-94B5CEBB3222} = {D26F4E51-9F0D-4D30-9689-85F9385D856F}
		{BDAC4791-31A3-4127-A9A3-33074587A6F5} = {D26F4E51-9F0D-4D30-9689-85F9385D856F}
		{EDBD36E8-179C-49FF-9108-4D06AEAD3221} = {D26F4E51-9F0D-4D30-9689-85F9385D856F}
		{19F4063A-251B-496A-87C6-8ADE2C7071C3} = {D26F4E51-9F0D-4D30-9689-85F9385D856F}
	EndGlobalSection
	GlobalSection(ExtensibilityGlobals) = postSolution
		SolutionGuid = {50CCA6AB-C849-4182-BA9C-E292CE46D3B0}
	EndGlobalSection
EndGlobal
